
Microsoft Visual Studio Solution File, Format Version 12.00
# Visual Studio Version 16
VisualStudioVersion = 16.0.30204.135
MinimumVisualStudioVersion = 10.0.40219.1
Project("{9A19103F-16F7-4668-BE54-9A1E7A4F7556}") = "JsonFile.Compare", "JsonFile.Compare\JsonFile.Compare.csproj", "{140D64A0-0792-4A97-A722-83C97501B415}"
EndProject
Project("{FAE04EC0-301F-11D3-BF4B-00C04F79EFBC}") = "AsyncProgram", "AsyncProgram\AsyncProgram.csproj", "{D98218E6-503B-4EE4-87A4-27B65CB1DE82}"
EndProject
Project("{FAE04EC0-301F-11D3-BF4B-00C04F79EFBC}") = "WebApp", "WebApp\WebApp.csproj", "{C33853AA-189B-4F40-9142-1D43A1CF8412}"
EndProject
Global
	GlobalSection(SolutionConfigurationPlatforms) = preSolution
		Debug|Any CPU = Debug|Any CPU
		Release|Any CPU = Release|Any CPU
	EndGlobalSection
	GlobalSection(ProjectConfigurationPlatforms) = postSolution
		{140D64A0-0792-4A97-A722-83C97501B415}.Debug|Any CPU.ActiveCfg = Debug|Any CPU
		{140D64A0-0792-4A97-A722-83C97501B415}.Debug|Any CPU.Build.0 = Debug|Any CPU
		{140D64A0-0792-4A97-A722-83C97501B415}.Release|Any CPU.ActiveCfg = Release|Any CPU
		{140D64A0-0792-4A97-A722-83C97501B415}.Release|Any CPU.Build.0 = Release|Any CPU
		{D98218E6-503B-4EE4-87A4-27B65CB1DE82}.Debug|Any CPU.ActiveCfg = Debug|Any CPU
		{D98218E6-503B-4EE4-87A4-27B65CB1DE82}.Debug|Any CPU.Build.0 = Debug|Any CPU
		{D98218E6-503B-4EE4-87A4-27B65CB1DE82}.Release|Any CPU.ActiveCfg = Release|Any CPU
		{D98218E6-503B-4EE4-87A4-27B65CB1DE82}.Release|Any CPU.Build.0 = Release|Any CPU
		{C33853AA-189B-4F40-9142-1D43A1CF8412}.Debug|Any CPU.ActiveCfg = Debug|Any CPU
		{C33853AA-189B-4F40-9142-1D43A1CF8412}.Debug|Any CPU.Build.0 = Debug|Any CPU
		{C33853AA-189B-4F40-9142-1D43A1CF8412}.Release|Any CPU.ActiveCfg = Release|Any CPU
		{C33853AA-189B-4F40-9142-1D43A1CF8412}.Release|Any CPU.Build.0 = Release|Any CPU
	EndGlobalSection
	GlobalSection(SolutionProperties) = preSolution
		HideSolutionNode = FALSE
	EndGlobalSection
	GlobalSection(ExtensibilityGlobals) = postSolution
		SolutionGuid = {1A9B3F6E-6552-443A-8B40-78AC1A5EB9C1}
	EndGlobalSection
EndGlobal
