
Microsoft Visual Studio Solution File, Format Version 12.00
# Visual Studio Version 16
VisualStudioVersion = 16.0.30330.147
MinimumVisualStudioVersion = 10.0.40219.1
Project("{FAE04EC0-301F-11D3-BF4B-00C04F79EFBC}") = "SchedularPoc", "SchedularPoc.csproj", "{B666245D-5996-4962-BED0-CD8A626E51CD}"
EndProject
Global
	GlobalSection(SolutionConfigurationPlatforms) = preSolution
		Debug|Any CPU = Debug|Any CPU
		Release|Any CPU = Release|Any CPU
	EndGlobalSection
	GlobalSection(ProjectConfigurationPlatforms) = postSolution
		{B666245D-5996-4962-BED0-CD8A626E51CD}.Debug|Any CPU.ActiveCfg = Debug|Any CPU
		{B666245D-5996-4962-BED0-CD8A626E51CD}.Debug|Any CPU.Build.0 = Debug|Any CPU
		{B666245D-5996-4962-BED0-CD8A626E51CD}.Release|Any CPU.ActiveCfg = Release|Any CPU
		{B666245D-5996-4962-BED0-CD8A626E51CD}.Release|Any CPU.Build.0 = Release|Any CPU
	EndGlobalSection
	GlobalSection(SolutionProperties) = preSolution
		HideSolutionNode = FALSE
	EndGlobalSection
	GlobalSection(ExtensibilityGlobals) = postSolution
		SolutionGuid = {0D584DEA-07D7-4FDB-AF37-F221F58751CB}
	EndGlobalSection
EndGlobal
