
Microsoft Visual Studio Solution File, Format Version 12.00
# Visual Studio Version 16
VisualStudioVersion = 16.0.30330.147
MinimumVisualStudioVersion = 10.0.40219.1
Project("{FAE04EC0-301F-11D3-BF4B-00C04F79EFBC}") = "MongoDb", "MongoDb.csproj", "{ED259065-CCDD-467A-B60B-3692313BA522}"
EndProject
Global
	GlobalSection(SolutionConfigurationPlatforms) = preSolution
		Debug|Any CPU = Debug|Any CPU
		Release|Any CPU = Release|Any CPU
	EndGlobalSection
	GlobalSection(ProjectConfigurationPlatforms) = postSolution
		{ED259065-CCDD-467A-B60B-3692313BA522}.Debug|Any CPU.ActiveCfg = Debug|Any CPU
		{ED259065-CCDD-467A-B60B-3692313BA522}.Debug|Any CPU.Build.0 = Debug|Any CPU
		{ED259065-CCDD-467A-B60B-3692313BA522}.Release|Any CPU.ActiveCfg = Release|Any CPU
		{ED259065-CCDD-467A-B60B-3692313BA522}.Release|Any CPU.Build.0 = Release|Any CPU
	EndGlobalSection
	GlobalSection(SolutionProperties) = preSolution
		HideSolutionNode = FALSE
	EndGlobalSection
	GlobalSection(ExtensibilityGlobals) = postSolution
		SolutionGuid = {926CC1A4-2E2B-4A43-BE3C-6E8EC9A2909E}
	EndGlobalSection
EndGlobal
